
Microsoft Visual Studio Solution File, Format Version 12.00
# Visual Studio Version 16
VisualStudioVersion = 16.0.32228.343
MinimumVisualStudioVersion = 10.0.40219.1
Project("{FAE04EC0-301F-11D3-BF4B-00C04F79EFBC}") = "FactorioAppMultiPlatform.Android", "FactorioAppMultiPlatform.Android\FactorioAppMultiPlatform.Android.csproj", "{4FD3CCCF-A517-4A63-A0E1-1531BB6D1E0C}"
EndProject
Project("{FAE04EC0-301F-11D3-BF4B-00C04F79EFBC}") = "FactorioAppMultiPlatform", "FactorioAppMultiPlatform\FactorioAppMultiPlatform.csproj", "{F12BED5A-CD18-4146-AE19-CBE8288E025D}"
EndProject
Global
	GlobalSection(SolutionConfigurationPlatforms) = preSolution
		Debug|Any CPU = Debug|Any CPU
		Debug|iPhone = Debug|iPhone
		Debug|iPhoneSimulator = Debug|iPhoneSimulator
		Release|Any CPU = Release|Any CPU
		Release|iPhone = Release|iPhone
		Release|iPhoneSimulator = Release|iPhoneSimulator
	EndGlobalSection
	GlobalSection(ProjectConfigurationPlatforms) = postSolution
		{4FD3CCCF-A517-4A63-A0E1-1531BB6D1E0C}.Debug|Any CPU.ActiveCfg = Debug|Any CPU
		{4FD3CCCF-A517-4A63-A0E1-1531BB6D1E0C}.Debug|Any CPU.Build.0 = Debug|Any CPU
		{4FD3CCCF-A517-4A63-A0E1-1531BB6D1E0C}.Debug|Any CPU.Deploy.0 = Debug|Any CPU
		{4FD3CCCF-A517-4A63-A0E1-1531BB6D1E0C}.Debug|iPhone.ActiveCfg = Debug|Any CPU
		{4FD3CCCF-A517-4A63-A0E1-1531BB6D1E0C}.Debug|iPhone.Build.0 = Debug|Any CPU
		{4FD3CCCF-A517-4A63-A0E1-1531BB6D1E0C}.Debug|iPhone.Deploy.0 = Debug|Any CPU
		{4FD3CCCF-A517-4A63-A0E1-1531BB6D1E0C}.Debug|iPhoneSimulator.ActiveCfg = Debug|Any CPU
		{4FD3CCCF-A517-4A63-A0E1-1531BB6D1E0C}.Debug|iPhoneSimulator.Build.0 = Debug|Any CPU
		{4FD3CCCF-A517-4A63-A0E1-1531BB6D1E0C}.Debug|iPhoneSimulator.Deploy.0 = Debug|Any CPU
		{4FD3CCCF-A517-4A63-A0E1-1531BB6D1E0C}.Release|Any CPU.ActiveCfg = Release|Any CPU
		{4FD3CCCF-A517-4A63-A0E1-1531BB6D1E0C}.Release|Any CPU.Build.0 = Release|Any CPU
		{4FD3CCCF-A517-4A63-A0E1-1531BB6D1E0C}.Release|Any CPU.Deploy.0 = Release|Any CPU
		{4FD3CCCF-A517-4A63-A0E1-1531BB6D1E0C}.Release|iPhone.ActiveCfg = Release|Any CPU
		{4FD3CCCF-A517-4A63-A0E1-1531BB6D1E0C}.Release|iPhone.Build.0 = Release|Any CPU
		{4FD3CCCF-A517-4A63-A0E1-1531BB6D1E0C}.Release|iPhone.Deploy.0 = Release|Any CPU
		{4FD3CCCF-A517-4A63-A0E1-1531BB6D1E0C}.Release|iPhoneSimulator.ActiveCfg = Release|Any CPU
		{4FD3CCCF-A517-4A63-A0E1-1531BB6D1E0C}.Release|iPhoneSimulator.Build.0 = Release|Any CPU
		{4FD3CCCF-A517-4A63-A0E1-1531BB6D1E0C}.Release|iPhoneSimulator.Deploy.0 = Release|Any CPU
		{F12BED5A-CD18-4146-AE19-CBE8288E025D}.Debug|Any CPU.ActiveCfg = Debug|Any CPU
		{F12BED5A-CD18-4146-AE19-CBE8288E025D}.Debug|Any CPU.Build.0 = Debug|Any CPU
		{F12BED5A-CD18-4146-AE19-CBE8288E025D}.Debug|Any CPU.Deploy.0 = Debug|Any CPU
		{F12BED5A-CD18-4146-AE19-CBE8288E025D}.Debug|iPhone.ActiveCfg = Debug|Any CPU
		{F12BED5A-CD18-4146-AE19-CBE8288E025D}.Debug|iPhone.Build.0 = Debug|Any CPU
		{F12BED5A-CD18-4146-AE19-CBE8288E025D}.Debug|iPhone.Deploy.0 = Debug|Any CPU
		{F12BED5A-CD18-4146-AE19-CBE8288E025D}.Debug|iPhoneSimulator.ActiveCfg = Debug|Any CPU
		{F12BED5A-CD18-4146-AE19-CBE8288E025D}.Debug|iPhoneSimulator.Build.0 = Debug|Any CPU
		{F12BED5A-CD18-4146-AE19-CBE8288E025D}.Debug|iPhoneSimulator.Deploy.0 = Debug|Any CPU
		{F12BED5A-CD18-4146-AE19-CBE8288E025D}.Release|Any CPU.ActiveCfg = Release|Any CPU
		{F12BED5A-CD18-4146-AE19-CBE8288E025D}.Release|Any CPU.Build.0 = Release|Any CPU
		{F12BED5A-CD18-4146-AE19-CBE8288E025D}.Release|Any CPU.Deploy.0 = Release|Any CPU
		{F12BED5A-CD18-4146-AE19-CBE8288E025D}.Release|iPhone.ActiveCfg = Release|Any CPU
		{F12BED5A-CD18-4146-AE19-CBE8288E025D}.Release|iPhone.Build.0 = Release|Any CPU
		{F12BED5A-CD18-4146-AE19-CBE8288E025D}.Release|iPhone.Deploy.0 = Release|Any CPU
		{F12BED5A-CD18-4146-AE19-CBE8288E025D}.Release|iPhoneSimulator.ActiveCfg = Release|Any CPU
		{F12BED5A-CD18-4146-AE19-CBE8288E025D}.Release|iPhoneSimulator.Build.0 = Release|Any CPU
		{F12BED5A-CD18-4146-AE19-CBE8288E025D}.Release|iPhoneSimulator.Deploy.0 = Release|Any CPU
	EndGlobalSection
	GlobalSection(SolutionProperties) = preSolution
		HideSolutionNode = FALSE
	EndGlobalSection
	GlobalSection(ExtensibilityGlobals) = postSolution
		SolutionGuid = {C8D22B21-18AF-4596-A986-DD133D9FC6E6}
	EndGlobalSection
EndGlobal
